
Microsoft Visual Studio Solution File, Format Version 12.00
# Visual Studio Version 17
VisualStudioVersion = 17.13.35828.75 d17.13
MinimumVisualStudioVersion = 10.0.40219.1
Project("{FAE04EC0-301F-11D3-BF4B-00C04F79EFBC}") = "practice", "practice\practice.csproj", "{B87AD0FF-570B-48B9-8DAB-3EBEADC173A8}"
EndProject
Global
	GlobalSection(SolutionConfigurationPlatforms) = preSolution
		Debug|Any CPU = Debug|Any CPU
		Release|Any CPU = Release|Any CPU
	EndGlobalSection
	GlobalSection(ProjectConfigurationPlatforms) = postSolution
		{B87AD0FF-570B-48B9-8DAB-3EBEADC173A8}.Debug|Any CPU.ActiveCfg = Debug|Any CPU
		{B87AD0FF-570B-48B9-8DAB-3EBEADC173A8}.Debug|Any CPU.Build.0 = Debug|Any CPU
		{B87AD0FF-570B-48B9-8DAB-3EBEADC173A8}.Release|Any CPU.ActiveCfg = Release|Any CPU
		{B87AD0FF-570B-48B9-8DAB-3EBEADC173A8}.Release|Any CPU.Build.0 = Release|Any CPU
	EndGlobalSection
	GlobalSection(SolutionProperties) = preSolution
		HideSolutionNode = FALSE
	EndGlobalSection
	GlobalSection(ExtensibilityGlobals) = postSolution
		SolutionGuid = {7ED3A282-26E1-47D6-A230-A69C6C08ADCC}
	EndGlobalSection
EndGlobal
